
Microsoft Visual Studio Solution File, Format Version 12.00
# Visual Studio Version 17
VisualStudioVersion = 17.5.33502.453
MinimumVisualStudioVersion = 10.0.40219.1
Project("{FAE04EC0-301F-11D3-BF4B-00C04F79EFBC}") = "FinalChallenge", "FinalChallenge\FinalChallenge.csproj", "{FD3A7915-6C42-4DB8-BF33-4386858F0A3B}"
EndProject
Global
	GlobalSection(SolutionConfigurationPlatforms) = preSolution
		Debug|Any CPU = Debug|Any CPU
		Release|Any CPU = Release|Any CPU
	EndGlobalSection
	GlobalSection(ProjectConfigurationPlatforms) = postSolution
		{FD3A7915-6C42-4DB8-BF33-4386858F0A3B}.Debug|Any CPU.ActiveCfg = Debug|Any CPU
		{FD3A7915-6C42-4DB8-BF33-4386858F0A3B}.Debug|Any CPU.Build.0 = Debug|Any CPU
		{FD3A7915-6C42-4DB8-BF33-4386858F0A3B}.Release|Any CPU.ActiveCfg = Release|Any CPU
		{FD3A7915-6C42-4DB8-BF33-4386858F0A3B}.Release|Any CPU.Build.0 = Release|Any CPU
	EndGlobalSection
	GlobalSection(SolutionProperties) = preSolution
		HideSolutionNode = FALSE
	EndGlobalSection
	GlobalSection(ExtensibilityGlobals) = postSolution
		SolutionGuid = {DE4953EE-F1CD-44B6-A223-B050C3093863}
	EndGlobalSection
EndGlobal
