
Microsoft Visual Studio Solution File, Format Version 12.00
# Visual Studio Version 16
VisualStudioVersion = 16.0.33214.272
MinimumVisualStudioVersion = 10.0.40219.1
Project("{FAE04EC0-301F-11D3-BF4B-00C04F79EFBC}") = "ExceptHandAssign", "ExceptHandAssign\ExceptHandAssign.csproj", "{F7A71B70-4270-4864-AF40-0B737D326980}"
EndProject
Global
	GlobalSection(SolutionConfigurationPlatforms) = preSolution
		Debug|Any CPU = Debug|Any CPU
		Release|Any CPU = Release|Any CPU
	EndGlobalSection
	GlobalSection(ProjectConfigurationPlatforms) = postSolution
		{F7A71B70-4270-4864-AF40-0B737D326980}.Debug|Any CPU.ActiveCfg = Debug|Any CPU
		{F7A71B70-4270-4864-AF40-0B737D326980}.Debug|Any CPU.Build.0 = Debug|Any CPU
		{F7A71B70-4270-4864-AF40-0B737D326980}.Release|Any CPU.ActiveCfg = Release|Any CPU
		{F7A71B70-4270-4864-AF40-0B737D326980}.Release|Any CPU.Build.0 = Release|Any CPU
	EndGlobalSection
	GlobalSection(SolutionProperties) = preSolution
		HideSolutionNode = FALSE
	EndGlobalSection
	GlobalSection(ExtensibilityGlobals) = postSolution
		SolutionGuid = {431AE9DD-ED6D-4B63-A99C-83FF6A297D82}
	EndGlobalSection
EndGlobal
