
Microsoft Visual Studio Solution File, Format Version 12.00
# Visual Studio Version 16
VisualStudioVersion = 16.0.33214.272
MinimumVisualStudioVersion = 10.0.40219.1
Project("{FAE04EC0-301F-11D3-BF4B-00C04F79EFBC}") = "DateTime_Assign", "DateTime_Assign\DateTime_Assign.csproj", "{7C6863F1-F48E-4016-85EB-D90B99059A77}"
EndProject
Global
	GlobalSection(SolutionConfigurationPlatforms) = preSolution
		Debug|Any CPU = Debug|Any CPU
		Release|Any CPU = Release|Any CPU
	EndGlobalSection
	GlobalSection(ProjectConfigurationPlatforms) = postSolution
		{7C6863F1-F48E-4016-85EB-D90B99059A77}.Debug|Any CPU.ActiveCfg = Debug|Any CPU
		{7C6863F1-F48E-4016-85EB-D90B99059A77}.Debug|Any CPU.Build.0 = Debug|Any CPU
		{7C6863F1-F48E-4016-85EB-D90B99059A77}.Release|Any CPU.ActiveCfg = Release|Any CPU
		{7C6863F1-F48E-4016-85EB-D90B99059A77}.Release|Any CPU.Build.0 = Release|Any CPU
	EndGlobalSection
	GlobalSection(SolutionProperties) = preSolution
		HideSolutionNode = FALSE
	EndGlobalSection
	GlobalSection(ExtensibilityGlobals) = postSolution
		SolutionGuid = {700E3CE8-5280-410E-A4E9-D628CC5923C0}
	EndGlobalSection
EndGlobal
