
Microsoft Visual Studio Solution File, Format Version 12.00
# Visual Studio Version 16
VisualStudioVersion = 16.0.33027.164
MinimumVisualStudioVersion = 10.0.40219.1
Project("{FAE04EC0-301F-11D3-BF4B-00C04F79EFBC}") = "Challenge_4B-1_Escape_Sequence", "Challenge_4B-1_Escape_Sequence\Challenge_4B-1_Escape_Sequence.csproj", "{87378E30-3BD6-418C-8A34-5237C66B4B44}"
EndProject
Global
	GlobalSection(SolutionConfigurationPlatforms) = preSolution
		Debug|Any CPU = Debug|Any CPU
		Release|Any CPU = Release|Any CPU
	EndGlobalSection
	GlobalSection(ProjectConfigurationPlatforms) = postSolution
		{87378E30-3BD6-418C-8A34-5237C66B4B44}.Debug|Any CPU.ActiveCfg = Debug|Any CPU
		{87378E30-3BD6-418C-8A34-5237C66B4B44}.Debug|Any CPU.Build.0 = Debug|Any CPU
		{87378E30-3BD6-418C-8A34-5237C66B4B44}.Release|Any CPU.ActiveCfg = Release|Any CPU
		{87378E30-3BD6-418C-8A34-5237C66B4B44}.Release|Any CPU.Build.0 = Release|Any CPU
	EndGlobalSection
	GlobalSection(SolutionProperties) = preSolution
		HideSolutionNode = FALSE
	EndGlobalSection
	GlobalSection(ExtensibilityGlobals) = postSolution
		SolutionGuid = {05F4B659-2FE0-44E1-BAA4-C4BA39640EF0}
	EndGlobalSection
EndGlobal
