
Microsoft Visual Studio Solution File, Format Version 12.00
# Visual Studio Version 16
VisualStudioVersion = 16.0.33130.400
MinimumVisualStudioVersion = 10.0.40219.1
Project("{FAE04EC0-301F-11D3-BF4B-00C04F79EFBC}") = "Class_Meth_Ass_1", "Class_Meth_Ass_1\Class_Meth_Ass_1.csproj", "{4AC0B993-EFAC-44E5-9214-362ED59FDEB5}"
EndProject
Global
	GlobalSection(SolutionConfigurationPlatforms) = preSolution
		Debug|Any CPU = Debug|Any CPU
		Release|Any CPU = Release|Any CPU
	EndGlobalSection
	GlobalSection(ProjectConfigurationPlatforms) = postSolution
		{4AC0B993-EFAC-44E5-9214-362ED59FDEB5}.Debug|Any CPU.ActiveCfg = Debug|Any CPU
		{4AC0B993-EFAC-44E5-9214-362ED59FDEB5}.Debug|Any CPU.Build.0 = Debug|Any CPU
		{4AC0B993-EFAC-44E5-9214-362ED59FDEB5}.Release|Any CPU.ActiveCfg = Release|Any CPU
		{4AC0B993-EFAC-44E5-9214-362ED59FDEB5}.Release|Any CPU.Build.0 = Release|Any CPU
	EndGlobalSection
	GlobalSection(SolutionProperties) = preSolution
		HideSolutionNode = FALSE
	EndGlobalSection
	GlobalSection(ExtensibilityGlobals) = postSolution
		SolutionGuid = {BDB2A888-9E8D-4E2F-BCF9-0DD818152759}
	EndGlobalSection
EndGlobal
