
Microsoft Visual Studio Solution File, Format Version 12.00
# Visual Studio Version 16
VisualStudioVersion = 16.0.33027.164
MinimumVisualStudioVersion = 10.0.40219.1
Project("{FAE04EC0-301F-11D3-BF4B-00C04F79EFBC}") = "Challenge10A-1", "Challenge10A-1\Challenge10A-1.csproj", "{56CC1E9B-9E22-4C62-BC4F-A433DFEF2EAF}"
EndProject
Global
	GlobalSection(SolutionConfigurationPlatforms) = preSolution
		Debug|Any CPU = Debug|Any CPU
		Release|Any CPU = Release|Any CPU
	EndGlobalSection
	GlobalSection(ProjectConfigurationPlatforms) = postSolution
		{56CC1E9B-9E22-4C62-BC4F-A433DFEF2EAF}.Debug|Any CPU.ActiveCfg = Debug|Any CPU
		{56CC1E9B-9E22-4C62-BC4F-A433DFEF2EAF}.Debug|Any CPU.Build.0 = Debug|Any CPU
		{56CC1E9B-9E22-4C62-BC4F-A433DFEF2EAF}.Release|Any CPU.ActiveCfg = Release|Any CPU
		{56CC1E9B-9E22-4C62-BC4F-A433DFEF2EAF}.Release|Any CPU.Build.0 = Release|Any CPU
	EndGlobalSection
	GlobalSection(SolutionProperties) = preSolution
		HideSolutionNode = FALSE
	EndGlobalSection
	GlobalSection(ExtensibilityGlobals) = postSolution
		SolutionGuid = {A9792C3A-4717-4D58-821F-BAA78E0C2F2A}
	EndGlobalSection
EndGlobal
