
Microsoft Visual Studio Solution File, Format Version 12.00
# Visual Studio Version 16
VisualStudioVersion = 16.0.33027.164
MinimumVisualStudioVersion = 10.0.40219.1
Project("{FAE04EC0-301F-11D3-BF4B-00C04F79EFBC}") = "Challenge10B-2", "Challenge10B-2\Challenge10B-2.csproj", "{4AE52C76-2CBB-4724-A9FA-C569D4695C2D}"
EndProject
Global
	GlobalSection(SolutionConfigurationPlatforms) = preSolution
		Debug|Any CPU = Debug|Any CPU
		Release|Any CPU = Release|Any CPU
	EndGlobalSection
	GlobalSection(ProjectConfigurationPlatforms) = postSolution
		{4AE52C76-2CBB-4724-A9FA-C569D4695C2D}.Debug|Any CPU.ActiveCfg = Debug|Any CPU
		{4AE52C76-2CBB-4724-A9FA-C569D4695C2D}.Debug|Any CPU.Build.0 = Debug|Any CPU
		{4AE52C76-2CBB-4724-A9FA-C569D4695C2D}.Release|Any CPU.ActiveCfg = Release|Any CPU
		{4AE52C76-2CBB-4724-A9FA-C569D4695C2D}.Release|Any CPU.Build.0 = Release|Any CPU
	EndGlobalSection
	GlobalSection(SolutionProperties) = preSolution
		HideSolutionNode = FALSE
	EndGlobalSection
	GlobalSection(ExtensibilityGlobals) = postSolution
		SolutionGuid = {023BCA0C-2DC1-4CA5-A033-94C564CFE7FB}
	EndGlobalSection
EndGlobal
