
Microsoft Visual Studio Solution File, Format Version 12.00
# Visual Studio Version 16
VisualStudioVersion = 16.0.33027.164
MinimumVisualStudioVersion = 10.0.40219.1
Project("{FAE04EC0-301F-11D3-BF4B-00C04F79EFBC}") = "Loops", "Loops\Loops.csproj", "{232D105E-B273-49A4-986B-221C9521DE7B}"
EndProject
Global
	GlobalSection(SolutionConfigurationPlatforms) = preSolution
		Debug|Any CPU = Debug|Any CPU
		Release|Any CPU = Release|Any CPU
	EndGlobalSection
	GlobalSection(ProjectConfigurationPlatforms) = postSolution
		{232D105E-B273-49A4-986B-221C9521DE7B}.Debug|Any CPU.ActiveCfg = Debug|Any CPU
		{232D105E-B273-49A4-986B-221C9521DE7B}.Debug|Any CPU.Build.0 = Debug|Any CPU
		{232D105E-B273-49A4-986B-221C9521DE7B}.Release|Any CPU.ActiveCfg = Release|Any CPU
		{232D105E-B273-49A4-986B-221C9521DE7B}.Release|Any CPU.Build.0 = Release|Any CPU
	EndGlobalSection
	GlobalSection(SolutionProperties) = preSolution
		HideSolutionNode = FALSE
	EndGlobalSection
	GlobalSection(ExtensibilityGlobals) = postSolution
		SolutionGuid = {A8FDD13F-2CEA-4512-B935-D0A99143912D}
	EndGlobalSection
EndGlobal
