
Microsoft Visual Studio Solution File, Format Version 12.00
# Visual Studio Version 16
VisualStudioVersion = 16.0.33027.164
MinimumVisualStudioVersion = 10.0.40219.1
Project("{FAE04EC0-301F-11D3-BF4B-00C04F79EFBC}") = "MathOpAssignment", "MathOpAssignment\MathOpAssignment.csproj", "{42CB7C92-05B9-4469-AF38-528177C37DA3}"
EndProject
Global
	GlobalSection(SolutionConfigurationPlatforms) = preSolution
		Debug|Any CPU = Debug|Any CPU
		Release|Any CPU = Release|Any CPU
	EndGlobalSection
	GlobalSection(ProjectConfigurationPlatforms) = postSolution
		{42CB7C92-05B9-4469-AF38-528177C37DA3}.Debug|Any CPU.ActiveCfg = Debug|Any CPU
		{42CB7C92-05B9-4469-AF38-528177C37DA3}.Debug|Any CPU.Build.0 = Debug|Any CPU
		{42CB7C92-05B9-4469-AF38-528177C37DA3}.Release|Any CPU.ActiveCfg = Release|Any CPU
		{42CB7C92-05B9-4469-AF38-528177C37DA3}.Release|Any CPU.Build.0 = Release|Any CPU
	EndGlobalSection
	GlobalSection(SolutionProperties) = preSolution
		HideSolutionNode = FALSE
	EndGlobalSection
	GlobalSection(ExtensibilityGlobals) = postSolution
		SolutionGuid = {C4CA26B7-D81F-45AB-A5C8-A8CFF68282A7}
	EndGlobalSection
EndGlobal
