
Microsoft Visual Studio Solution File, Format Version 12.00
# Visual Studio Version 16
VisualStudioVersion = 16.0.33328.57
MinimumVisualStudioVersion = 10.0.40219.1
Project("{FAE04EC0-301F-11D3-BF4B-00C04F79EFBC}") = "Scores", "Scores\Scores.csproj", "{97BF9AB1-FE27-42FD-9E67-22314EA20333}"
EndProject
Global
	GlobalSection(SolutionConfigurationPlatforms) = preSolution
		Debug|Any CPU = Debug|Any CPU
		Release|Any CPU = Release|Any CPU
	EndGlobalSection
	GlobalSection(ProjectConfigurationPlatforms) = postSolution
		{97BF9AB1-FE27-42FD-9E67-22314EA20333}.Debug|Any CPU.ActiveCfg = Debug|Any CPU
		{97BF9AB1-FE27-42FD-9E67-22314EA20333}.Debug|Any CPU.Build.0 = Debug|Any CPU
		{97BF9AB1-FE27-42FD-9E67-22314EA20333}.Release|Any CPU.ActiveCfg = Release|Any CPU
		{97BF9AB1-FE27-42FD-9E67-22314EA20333}.Release|Any CPU.Build.0 = Release|Any CPU
	EndGlobalSection
	GlobalSection(SolutionProperties) = preSolution
		HideSolutionNode = FALSE
	EndGlobalSection
	GlobalSection(ExtensibilityGlobals) = postSolution
		SolutionGuid = {C387E2A1-0F66-4B45-9BFB-497AC1B0870F}
	EndGlobalSection
EndGlobal
