
Microsoft Visual Studio Solution File, Format Version 12.00
# Visual Studio Version 16
VisualStudioVersion = 16.0.33130.400
MinimumVisualStudioVersion = 10.0.40219.1
Project("{FAE04EC0-301F-11D3-BF4B-00C04F79EFBC}") = "MethodAssign", "MethodAssign\MethodAssign.csproj", "{E858810D-73D5-405C-A09C-E8FCDD4ABC79}"
EndProject
Global
	GlobalSection(SolutionConfigurationPlatforms) = preSolution
		Debug|Any CPU = Debug|Any CPU
		Release|Any CPU = Release|Any CPU
	EndGlobalSection
	GlobalSection(ProjectConfigurationPlatforms) = postSolution
		{E858810D-73D5-405C-A09C-E8FCDD4ABC79}.Debug|Any CPU.ActiveCfg = Debug|Any CPU
		{E858810D-73D5-405C-A09C-E8FCDD4ABC79}.Debug|Any CPU.Build.0 = Debug|Any CPU
		{E858810D-73D5-405C-A09C-E8FCDD4ABC79}.Release|Any CPU.ActiveCfg = Release|Any CPU
		{E858810D-73D5-405C-A09C-E8FCDD4ABC79}.Release|Any CPU.Build.0 = Release|Any CPU
	EndGlobalSection
	GlobalSection(SolutionProperties) = preSolution
		HideSolutionNode = FALSE
	EndGlobalSection
	GlobalSection(ExtensibilityGlobals) = postSolution
		SolutionGuid = {9571E80E-889A-4139-8217-9BD8B53138AC}
	EndGlobalSection
EndGlobal
