
Microsoft Visual Studio Solution File, Format Version 12.00
# Visual Studio Version 16
VisualStudioVersion = 16.0.33027.164
MinimumVisualStudioVersion = 10.0.40219.1
Project("{FAE04EC0-301F-11D3-BF4B-00C04F79EFBC}") = "Price-Quote_App_Assign", "Price-Quote_App_Assign\Price-Quote_App_Assign.csproj", "{4B69ED72-DB32-4C53-9D4D-FF7F15C7A4FF}"
EndProject
Global
	GlobalSection(SolutionConfigurationPlatforms) = preSolution
		Debug|Any CPU = Debug|Any CPU
		Release|Any CPU = Release|Any CPU
	EndGlobalSection
	GlobalSection(ProjectConfigurationPlatforms) = postSolution
		{4B69ED72-DB32-4C53-9D4D-FF7F15C7A4FF}.Debug|Any CPU.ActiveCfg = Debug|Any CPU
		{4B69ED72-DB32-4C53-9D4D-FF7F15C7A4FF}.Debug|Any CPU.Build.0 = Debug|Any CPU
		{4B69ED72-DB32-4C53-9D4D-FF7F15C7A4FF}.Release|Any CPU.ActiveCfg = Release|Any CPU
		{4B69ED72-DB32-4C53-9D4D-FF7F15C7A4FF}.Release|Any CPU.Build.0 = Release|Any CPU
	EndGlobalSection
	GlobalSection(SolutionProperties) = preSolution
		HideSolutionNode = FALSE
	EndGlobalSection
	GlobalSection(ExtensibilityGlobals) = postSolution
		SolutionGuid = {16B1F1A1-0389-43F9-A51A-D73D6E6BA8AA}
	EndGlobalSection
EndGlobal
