
Microsoft Visual Studio Solution File, Format Version 12.00
# Visual Studio Version 16
VisualStudioVersion = 16.0.33027.164
MinimumVisualStudioVersion = 10.0.40219.1
Project("{FAE04EC0-301F-11D3-BF4B-00C04F79EFBC}") = "Branching", "Branching\Branching.csproj", "{F4620D3A-3253-450E-8782-6558DCCA6418}"
EndProject
Global
	GlobalSection(SolutionConfigurationPlatforms) = preSolution
		Debug|Any CPU = Debug|Any CPU
		Release|Any CPU = Release|Any CPU
	EndGlobalSection
	GlobalSection(ProjectConfigurationPlatforms) = postSolution
		{F4620D3A-3253-450E-8782-6558DCCA6418}.Debug|Any CPU.ActiveCfg = Debug|Any CPU
		{F4620D3A-3253-450E-8782-6558DCCA6418}.Debug|Any CPU.Build.0 = Debug|Any CPU
		{F4620D3A-3253-450E-8782-6558DCCA6418}.Release|Any CPU.ActiveCfg = Release|Any CPU
		{F4620D3A-3253-450E-8782-6558DCCA6418}.Release|Any CPU.Build.0 = Release|Any CPU
	EndGlobalSection
	GlobalSection(SolutionProperties) = preSolution
		HideSolutionNode = FALSE
	EndGlobalSection
	GlobalSection(ExtensibilityGlobals) = postSolution
		SolutionGuid = {2101A0B3-7B2B-401C-9045-3F75B79135A5}
	EndGlobalSection
EndGlobal
