
Microsoft Visual Studio Solution File, Format Version 12.00
# Visual Studio Version 16
VisualStudioVersion = 16.0.33027.164
MinimumVisualStudioVersion = 10.0.40219.1
Project("{FAE04EC0-301F-11D3-BF4B-00C04F79EFBC}") = "Challenge_12A-1", "Challenge_12A-1\Challenge_12A-1.csproj", "{6C4BEF0B-B873-4558-A7A2-844FF6C133CF}"
EndProject
Global
	GlobalSection(SolutionConfigurationPlatforms) = preSolution
		Debug|Any CPU = Debug|Any CPU
		Release|Any CPU = Release|Any CPU
	EndGlobalSection
	GlobalSection(ProjectConfigurationPlatforms) = postSolution
		{6C4BEF0B-B873-4558-A7A2-844FF6C133CF}.Debug|Any CPU.ActiveCfg = Debug|Any CPU
		{6C4BEF0B-B873-4558-A7A2-844FF6C133CF}.Debug|Any CPU.Build.0 = Debug|Any CPU
		{6C4BEF0B-B873-4558-A7A2-844FF6C133CF}.Release|Any CPU.ActiveCfg = Release|Any CPU
		{6C4BEF0B-B873-4558-A7A2-844FF6C133CF}.Release|Any CPU.Build.0 = Release|Any CPU
	EndGlobalSection
	GlobalSection(SolutionProperties) = preSolution
		HideSolutionNode = FALSE
	EndGlobalSection
	GlobalSection(ExtensibilityGlobals) = postSolution
		SolutionGuid = {73F91315-0467-4EE9-8E12-4B5C39A88EB7}
	EndGlobalSection
EndGlobal
