
Microsoft Visual Studio Solution File, Format Version 12.00
# Visual Studio Version 16
VisualStudioVersion = 16.0.33130.400
MinimumVisualStudioVersion = 10.0.40219.1
Project("{FAE04EC0-301F-11D3-BF4B-00C04F79EFBC}") = "Iteration", "Iteration\Iteration.csproj", "{0E63B3FD-B248-4100-85FB-AFEE12AD204F}"
EndProject
Global
	GlobalSection(SolutionConfigurationPlatforms) = preSolution
		Debug|Any CPU = Debug|Any CPU
		Release|Any CPU = Release|Any CPU
	EndGlobalSection
	GlobalSection(ProjectConfigurationPlatforms) = postSolution
		{0E63B3FD-B248-4100-85FB-AFEE12AD204F}.Debug|Any CPU.ActiveCfg = Debug|Any CPU
		{0E63B3FD-B248-4100-85FB-AFEE12AD204F}.Debug|Any CPU.Build.0 = Debug|Any CPU
		{0E63B3FD-B248-4100-85FB-AFEE12AD204F}.Release|Any CPU.ActiveCfg = Release|Any CPU
		{0E63B3FD-B248-4100-85FB-AFEE12AD204F}.Release|Any CPU.Build.0 = Release|Any CPU
	EndGlobalSection
	GlobalSection(SolutionProperties) = preSolution
		HideSolutionNode = FALSE
	EndGlobalSection
	GlobalSection(ExtensibilityGlobals) = postSolution
		SolutionGuid = {CB5E71D4-CB94-4AD7-8F38-BF325DD00624}
	EndGlobalSection
EndGlobal
